github.com/stealthrocket/net v0.2.1 h1:PehPGAAjuV46zaeHGlNgakFV7QDGUAREMcEQsZQ8NLo=
github.com/stealthrocket/net v0.2.1/go.mod h1:VvoFod9pYC9mo+bEg2NQB/D+KVOjxfhZjZ5zyvozq7M=
github.com/tetratelabs/wazero v1.12.0 h1:DuWcpNu/FzgEXgGBDp8J1Spc+CWOvvtvVyjKlaZopYU=
github.com/tetratelabs/wazero v1.12.0/go.mod h1:LvKtzl2RqO4gyF27BiXU+nKAjcV8f38U+kP/q2vgxh0=
github.com/traefik/http-wasm-guest-tinygo v0.0.0-20240913140402-af96219ffea5 h1:D/1vHhfpcbJl6igutIruxClrFwNNogF6ejcu67xzZcw=
github.com/traefik/http-wasm-guest-tinygo v0.0.0-20240913140402-af96219ffea5/go.mod h1:zcKr7h/t5ha2ZWIMwV4iOqhfC/qno/tNPYgybVkn/MQ=
golang.org/x/crypto v0.31.0 h1:ihbySMvVjLAeSH1IbfcRTkD/iNscyz8rGzjF/E5hV6U=
golang.org/x/crypto v0.31.0/go.mod h1:kDsLvtWBEx7MV9tJOj9bnXsPbxwJQ6csT/x4KIN4Ssk=
golang.org/x/net v0.21.0 h1:AQyQV4dYCvJ7vGmJyKki9+PBdyvhkSd8EIx/qb0AYv4=
golang.org/x/net v0.21.0/go.mod h1:bIjVDfnllIU7BJ2DNgfnXvpSvtn8VRwhlsaeUTyUS44=
golang.org/x/sys v0.44.0 h1:ildZl3J4uzeKP07r2F++Op7E9B29JRUy+a27EibtBTQ=
golang.org/x/sys v0.44.0/go.mod h1:4GL1E5IUh+htKOUEOaiffhrAeqysfVGipDYzABqnCmw=
